version: 0.9.0
5d97d03cf7e33a558d6c2a0eb6be05028c7397155d3b34fb05532f34a7db0c4b  .claude/skills/checkpoint/SKILL.md
d3a35ce414451f01807917f6a41b02559c49db962ebd62d9cc4b4ee41ae96792  .claude/skills/clean-code/SKILL.md
e8220eae51c2cb4b7b1e7639afe150ae936c2fc4902a55391476e0b732e1bd4d  .claude/skills/evaluate/SKILL.md
94c66b7846f4fb2c39b744d87df5003a97541781c5ac535eaf0e26f4e86c3de6  .claude/skills/five-step/SKILL.md
9b97f7bf98c67d49848570bb1335fe61850d584a9be548316bdf9bb139f2e0ae  .claude/skills/founder-check/SKILL.md
0f015b6c517442b879db2787782aa9c14ae555ada22b6491c9f62661481490ff  .claude/skills/garden/SKILL.md
74147eb6010a65957efef2b9e0f0b3ff935c1def7fc117697151b1d0f3610556  .claude/skills/grill-me/SKILL.md
8919f0d5b89ceca6873e59b74be9cd7ecf713db21cd6d122e0f8bab8342c70c7  .claude/skills/parallel-slices/SKILL.md
77499b8aaa8af9cb7a589100daa0a0e71b252e0fdadf8336d656aa7e101b38c4  .claude/skills/ralph-loop/SKILL.md
02759170191a04a48f52342f8a6355e1763ebd04a162bb368fc4fbcb74b0f50a  .claude/skills/refactor/SKILL.md
4f30295be9a7a25ccf217314cadddf4e365a8678411381b4f57c616681a4caf7  .claude/skills/release/SKILL.md
5f5b5906e130765c48e7bb5b2e0562cd873451d10bf56c711e5765172bd0d82f  .claude/skills/slice-coding/SKILL.md
b2df192f97bbf2fafd78e2a7590da96ac57f6355f71f556e359292fa1ccf5b84  .claude/skills/stage-viewer/SKILL.md
56906530ce393974e0b0cf0bbd95a5d5b3979f1b8f2253201a66008c154addc5  .claude/skills/tdd/SKILL.md
746f6dd4022f70c2f11b87fbb7606b8948c187cd8af5e43a2161f1356836413f  .claude/skills/to-issues/SKILL.md
261fc13879258f63d8e0c8b292f0c199b39c0db19010fc49a952fe28af4daea0  .claude/skills/to-prd/SKILL.md
87a002793529152eb851c956a1616d7f07bdc9c6339f6773b09bc2d64230c7a6  .claude/agents/evaluator.md
bd62fa7dd7b15e95897c271ca25138f6be5f204e2194926810555273e53eb1b7  .claude/agents/explorer.md
0264bb71cc77e84270ddee6ce2eb020f3bcb198ba41e1c9ae49487b070d1bad8  .claude/agents/gardener.md
cba1e2e1e8e519b2123bfee1f429ec125a1e21f474932fc70b9a213f80628092  .claude/agents/generator.md
e3c6f6279675655feab26a6bec882b6e619edf99b2f120215d9f91e704b1d5e8  .claude/agents/planner.md
cc4abdafa9ea2d2d347247525eda43827cf40fe0e188d6facb5ed4b0317b0f6f  bin/_harness_lib.sh
4ba9b095a79603ad78e43e3f5bd75e8d110bc37a18c1daf0f6bfd66742b6d921  bin/ctx-hook.sh
5adba4a75556602bcaa214577e6cb9e7669b07d6ce95edb7cb27fa75a0f3e231  bin/ctx.sh
45c5b3f6cbe701344028319a435f8e61cccac1cae1f2a857912aada0e6e90371  bin/harness.sh
dcf209913df0325d87b07d2d181d053741c0d0efccd7b65fbcca0d596396fea4  bin/model.sh
ae1d28f25671e8e11a2ceec9d0ce39a530eead1a3269fcdc57d664dcf53fdb34  bin/ralph.sh
254edd7bc439fc6f014beceaf6462b1c81e6bdaaf4fa0d04a2540ef2bf3a4b95  bin/trace.sh
6b588fe7c8adc0191e8f8db78e4b14323bfc28e32875b197295ec6f36fab146e  docs/references/anthropic-effective-harnesses-llms.txt
1ad86929c69eeb93b7145488d9b840f3a9b45831d1aeea63af3a6ade9c2eaff4  docs/references/anthropic-harness-design-llms.txt
371ddabb04281a3283085cda408fecedd4da815a48b7deb19c4bfb04c73d2a6c  docs/references/anthropic-managed-agents-llms.txt
dbebe349e4c95714a543e5a4d507e84b099bf8944b2fd1759cdc7fdcf3a12b94  docs/references/founders-playbook-llms.txt
b27b5b138b459f3c4b622a14f0c27b1c39df61096a35aeca4bc87dc315111a41  docs/references/founders-playbook.pdf
8687f1a048fb37ad2a3cd61cc800208bc634404d3630747a21a698e6ef88a3cb  docs/references/openai-harness-engineering-llms.txt
53d6080e758b79beab23577afaa0c8f0356f633860f0fab9d00a8c40b1a434d7  docs/principles.md
bc391317a384333f54068b6eb87f3a1a6f68c45936209e00e60b75c1d2667111  docs/smart-dumb.md
c5c3848fe23fb64badaded8a47cd1cb5c7056a5c3e51821cbaf0206073a09146  AGENTS.md
e25abcb8b9ca64eb8a4a07acec6ad226f77158adea39c5799d0fb495d569fd68  ARCHITECTURE.md
